<?xml version="1.0" encoding="utf-8"?>
<Project ToolsVersion="4.0" xmlns="http://schemas.microsoft.com/developer/msbuild/2003">
  <ItemGroup>
    <ClInclude Include="AssertExceptions.h">
      <Filter>Headers</Filter>
    </ClInclude>
    <ClInclude Include="ConfigurableTest.h">
      <Filter>Headers</Filter>
    </ClInclude>
    <ClInclude Include="FunctionTester.h">
      <Filter>Headers</Filter>
    </ClInclude>
    <ClInclude Include="TestCase.h">
      <Filter>Headers</Filter>
    </ClInclude>
    <ClInclude Include="TestCaseMethod.h">
      <Filter>Headers</Filter>
    </ClInclude>
    <ClInclude Include="TestCategory.h">
      <Filter>Headers</Filter>
    </ClInclude>
    <ClInclude Include="TestReport.h">
      <Filter>Headers</Filter>
    </ClInclude>
    <ClInclude Include="TestResult.h">
      <Filter>Headers</Filter>
    </ClInclude>
    <ClInclude Include="TestSuite.h">
      <Filter>Headers</Filter>
    </ClInclude>
    <ClInclude Include="TestSuiteClass.h">
      <Filter>Headers</Filter>
    </ClInclude>
    <ClInclude Include="TestCaseFunc.h">
      <Filter>Headers</Filter>
    </ClInclude>
    <ClInclude Include="TestSuiteInstanceCreator.h">
      <Filter>Headers</Filter>
    </ClInclude>
    <ClInclude Include="Framework.h">
      <Filter>Headers</Filter>
    </ClInclude>
    <ClInclude Include="TestContainer.h">
      <Filter>Headers</Filter>
    </ClInclude>
    <ClInclude Include="TestRegisterer.h">
      <Filter>Headers</Filter>
    </ClInclude>
  </ItemGroup>
  <ItemGroup>
    <Filter Include="Headers">
      <UniqueIdentifier>{292845e3-656f-425c-833e-92c399d30e6b}</UniqueIdentifier>
      <Extensions>*.h;*.hpp</Extensions>
    </Filter>
    <Filter Include="Sources">
      <UniqueIdentifier>{cb755c66-a4d2-4629-a721-e15f62fbfea8}</UniqueIdentifier>
      <Extensions>*.cpp</Extensions>
    </Filter>
  </ItemGroup>
  <ItemGroup>
    <ClCompile Include="TestRegisterer.cpp">
      <Filter>Sources</Filter>
    </ClCompile>
  </ItemGroup>
</Project>