<?xml version="1.0" encoding="utf-8"?>
<Project ToolsVersion="4.0" xmlns="http://schemas.microsoft.com/developer/msbuild/2003">
  <ItemGroup>
    <ClCompile Include="TestSuiteTests.cpp">
      <Filter>Sources</Filter>
    </ClCompile>
    <ClCompile Include="TestCaseTest.cpp">
      <Filter>Sources</Filter>
    </ClCompile>
    <ClCompile Include="StringAssert.cpp">
      <Filter>Sources</Filter>
    </ClCompile>
    <ClCompile Include="FunctionTesterTest.cpp">
      <Filter>Sources</Filter>
    </ClCompile>
    <ClCompile Include="LearingTestAutoAddMethod.cpp">
      <Filter>Sources</Filter>
    </ClCompile>
    <ClCompile Include="TestSuiteInstanceCreatorTests.cpp">
      <Filter>Sources</Filter>
    </ClCompile>
    <ClCompile Include="TestContainerTests.cpp">
      <Filter>Sources</Filter>
    </ClCompile>
    <ClCompile Include="stdafx.cpp">
      <Filter>Sources</Filter>
    </ClCompile>
    <ClCompile Include="TestRegistersTests.cpp">
      <Filter>Sources</Filter>
    </ClCompile>
    <ClCompile Include="TestCategoryTests.cpp">
      <Filter>Sources</Filter>
    </ClCompile>
    <ClCompile Include="IgnoreCaseTests.cpp">
      <Filter>Sources</Filter>
    </ClCompile>
    <ClCompile Include="ToStringConverterTests.cpp">
      <Filter>Sources</Filter>
    </ClCompile>
    <ClCompile Include="EqualAssertTests.cpp">
      <Filter>Sources</Filter>
    </ClCompile>
    <ClCompile Include="MoreLessAssert.cpp">
      <Filter>Sources</Filter>
    </ClCompile>
    <ClCompile Include="AssertExceptionCatcherTests.cpp">
      <Filter>Sources</Filter>
    </ClCompile>
    <ClCompile Include="AssertStringTests.cpp">
      <Filter>Sources</Filter>
    </ClCompile>
    <ClCompile Include="AssertArrayTests.cpp">
      <Filter>Sources</Filter>
    </ClCompile>
  </ItemGroup>
  <ItemGroup>
    <ClInclude Include="TestHelperFuncAndClassess.h">
      <Filter>Headers</Filter>
    </ClInclude>
    <ClInclude Include="stdafx.h">
      <Filter>Headers</Filter>
    </ClInclude>
    <ClInclude Include="StringAssert.h">
      <Filter>Headers</Filter>
    </ClInclude>
    <ClInclude Include="targetver.h">
      <Filter>Headers</Filter>
    </ClInclude>
    <ClInclude Include="LearningTestAutoAddMethod.h">
      <Filter>Headers</Filter>
    </ClInclude>
    <ClInclude Include="AssertHelperClass.h">
      <Filter>Headers</Filter>
    </ClInclude>
  </ItemGroup>
  <ItemGroup>
    <Filter Include="Headers">
      <UniqueIdentifier>{921ba96b-7ac4-43be-b7de-0a70a7cc6dc9}</UniqueIdentifier>
      <Extensions>*.h;*.hpp</Extensions>
    </Filter>
    <Filter Include="Sources">
      <UniqueIdentifier>{55da766e-aad3-4707-9b3e-72d128a0a01a}</UniqueIdentifier>
      <Extensions>*.cpp</Extensions>
    </Filter>
  </ItemGroup>
</Project>