<?xml version="1.0" encoding="utf-8"?>
<Project ToolsVersion="4.0" xmlns="http://schemas.microsoft.com/developer/msbuild/2003">
  <ItemGroup>
    <Filter Include="Source Files">
      <UniqueIdentifier>{4FC737F1-C7A5-4376-A066-2A32D752A2FF}</UniqueIdentifier>
      <Extensions>cpp;c;cc;cxx;def;odl;idl;hpj;bat;asm;asmx</Extensions>
    </Filter>
    <Filter Include="Header Files">
      <UniqueIdentifier>{93995380-89BD-4b04-88EB-625FBE52EBFB}</UniqueIdentifier>
      <Extensions>h;hh;hpp;hxx;hm;inl;inc;xsd</Extensions>
    </Filter>
    <Filter Include="Resource Files">
      <UniqueIdentifier>{67DA6AB6-F800-4c08-8B7A-83BB121AAD01}</UniqueIdentifier>
      <Extensions>rc;ico;cur;bmp;dlg;rc2;rct;bin;rgs;gif;jpg;jpeg;jpe;resx;tiff;tif;png;wav;mfcribbon-ms</Extensions>
    </Filter>
    <Filter Include="Source Files\Filesystem">
      <UniqueIdentifier>{bef47408-c39d-4b4e-8f41-c3b5dc370b74}</UniqueIdentifier>
    </Filter>
    <Filter Include="Header Files\Filesystem">
      <UniqueIdentifier>{dd556539-fd4c-421d-940d-290f8858e2b1}</UniqueIdentifier>
    </Filter>
  </ItemGroup>
  <ItemGroup>
    <Text Include="ReadMe.txt" />
  </ItemGroup>
  <ItemGroup>
    <ClCompile Include="SharedLibrary.cpp">
      <Filter>Source Files</Filter>
    </ClCompile>
    <ClCompile Include="Filesystem\Directory.cpp">
      <Filter>Source Files\Filesystem</Filter>
    </ClCompile>
    <ClCompile Include="Filesystem\Entry.cpp">
      <Filter>Source Files\Filesystem</Filter>
    </ClCompile>
    <ClCompile Include="Filesystem\DirOneLevelIterator.cpp">
      <Filter>Source Files\Filesystem</Filter>
    </ClCompile>
    <ClCompile Include="Filesystem\DirRecursiveIterator.cpp">
      <Filter>Source Files\Filesystem</Filter>
    </ClCompile>
    <ClCompile Include="Filesystem\DirSearchIterator.cpp">
      <Filter>Source Files\Filesystem</Filter>
    </ClCompile>
    <ClCompile Include="Filesystem\SystemSpecificDirIterator.cpp">
      <Filter>Source Files\Filesystem</Filter>
    </ClCompile>
  </ItemGroup>
  <ItemGroup>
    <ClInclude Include="SharedLibrary.h">
      <Filter>Header Files</Filter>
    </ClInclude>
    <ClInclude Include="Exceptions.h">
      <Filter>Header Files</Filter>
    </ClInclude>
    <ClInclude Include="Filesystem\Directory.h">
      <Filter>Header Files\Filesystem</Filter>
    </ClInclude>
    <ClInclude Include="Filesystem\Entry.h">
      <Filter>Header Files\Filesystem</Filter>
    </ClInclude>
    <ClInclude Include="Filesystem\Exceptions.h">
      <Filter>Header Files\Filesystem</Filter>
    </ClInclude>
    <ClInclude Include="Filesystem\DirOneLevelIterator.h">
      <Filter>Header Files\Filesystem</Filter>
    </ClInclude>
    <ClInclude Include="Filesystem\DirRecursiveIterator.h">
      <Filter>Header Files\Filesystem</Filter>
    </ClInclude>
    <ClInclude Include="Filesystem\DirSearchIterator.h">
      <Filter>Header Files\Filesystem</Filter>
    </ClInclude>
    <ClInclude Include="Filesystem\SystemSpecificDirIterator.h">
      <Filter>Header Files\Filesystem</Filter>
    </ClInclude>
    <ClInclude Include="TestsDiscover.h">
      <Filter>Header Files</Filter>
    </ClInclude>
  </ItemGroup>
</Project>