
Microsoft Visual Studio Solution File, Format Version 12.00
# Visual Studio 14
VisualStudioVersion = 14.0.25420.1
MinimumVisualStudioVersion = 10.0.40219.1
Project("{8BC9CEB8-8B4A-11D0-8D11-00A0C91BC942}") = "CppUnitTestFrameworkAdapter", "CppUnitTestFrameworkAdapter\CppUnitTestFrameworkAdapter.vcxproj", "{F4CF0C0F-1198-47B5-A8E5-96E340A896AC}"
	ProjectSection(ProjectDependencies) = postProject
		{0F0A2E59-7962-4E32-B0BC-955CAE7A30CF} = {0F0A2E59-7962-4E32-B0BC-955CAE7A30CF}
		{B74EE55C-4CD9-4B2E-9B9A-54C7A3D7EB76} = {B74EE55C-4CD9-4B2E-9B9A-54C7A3D7EB76}
		{9D1E68A5-DCBD-4874-9ADC-9C15D9191F42} = {9D1E68A5-DCBD-4874-9ADC-9C15D9191F42}
	EndProjectSection
EndProject
Project("{FAE04EC0-301F-11D3-BF4B-00C04F79EFBC}") = "CppUnitTestAdapterVSIX", "CppUnitTestAdapterVSIX\CppUnitTestAdapterVSIX.csproj", "{D519F9EB-22F8-4054-A039-EDE0EFA6F025}"
	ProjectSection(ProjectDependencies) = postProject
		{0F0A2E59-7962-4E32-B0BC-955CAE7A30CF} = {0F0A2E59-7962-4E32-B0BC-955CAE7A30CF}
		{B74EE55C-4CD9-4B2E-9B9A-54C7A3D7EB76} = {B74EE55C-4CD9-4B2E-9B9A-54C7A3D7EB76}
		{9D1E68A5-DCBD-4874-9ADC-9C15D9191F42} = {9D1E68A5-DCBD-4874-9ADC-9C15D9191F42}
	EndProjectSection
EndProject
Project("{8BC9CEB8-8B4A-11D0-8D11-00A0C91BC942}") = "TestsRunner", "..\TestsRunner\TestsRunner.vcxproj", "{B74EE55C-4CD9-4B2E-9B9A-54C7A3D7EB76}"
EndProject
Project("{8BC9CEB8-8B4A-11D0-8D11-00A0C91BC942}") = "CppUnitTestFramework", "..\..\CppUnitTest\CppUnitTestFramework\CppUnitTestsFramework.vcxproj", "{9D1E68A5-DCBD-4874-9ADC-9C15D9191F42}"
EndProject
Project("{8BC9CEB8-8B4A-11D0-8D11-00A0C91BC942}") = "CppUnitTestFrameworkExamples", "..\..\CppUnitTest\CppUnitTestFrameworkExamples\CppUnitTestFrameworkExamples.vcxproj", "{0F0A2E59-7962-4E32-B0BC-955CAE7A30CF}"
EndProject
Project("{FAE04EC0-301F-11D3-BF4B-00C04F79EFBC}") = "CppUnitTestFrameworkAdapter.UnitTests", "CppUnitTestFrameworkAdapter.UnitTests\CppUnitTestFrameworkAdapter.UnitTests.csproj", "{8EDF4429-251A-416D-BB68-93F227191BCF}"
	ProjectSection(ProjectDependencies) = postProject
		{0F0A2E59-7962-4E32-B0BC-955CAE7A30CF} = {0F0A2E59-7962-4E32-B0BC-955CAE7A30CF}
	EndProjectSection
EndProject
Global
	GlobalSection(SolutionConfigurationPlatforms) = preSolution
		Debug|Any CPU = Debug|Any CPU
		Debug|x64 = Debug|x64
		Debug|x86 = Debug|x86
		Release|Any CPU = Release|Any CPU
		Release|x64 = Release|x64
		Release|x86 = Release|x86
	EndGlobalSection
	GlobalSection(ProjectConfigurationPlatforms) = postSolution
		{F4CF0C0F-1198-47B5-A8E5-96E340A896AC}.Debug|Any CPU.ActiveCfg = Debug|Win32
		{F4CF0C0F-1198-47B5-A8E5-96E340A896AC}.Debug|Any CPU.Build.0 = Debug|Win32
		{F4CF0C0F-1198-47B5-A8E5-96E340A896AC}.Debug|x64.ActiveCfg = Debug|Win32
		{F4CF0C0F-1198-47B5-A8E5-96E340A896AC}.Debug|x64.Build.0 = Debug|Win32
		{F4CF0C0F-1198-47B5-A8E5-96E340A896AC}.Debug|x86.ActiveCfg = Debug|Win32
		{F4CF0C0F-1198-47B5-A8E5-96E340A896AC}.Debug|x86.Build.0 = Debug|Win32
		{F4CF0C0F-1198-47B5-A8E5-96E340A896AC}.Release|Any CPU.ActiveCfg = Release|Win32
		{F4CF0C0F-1198-47B5-A8E5-96E340A896AC}.Release|Any CPU.Build.0 = Release|Win32
		{F4CF0C0F-1198-47B5-A8E5-96E340A896AC}.Release|x64.ActiveCfg = Release|Win32
		{F4CF0C0F-1198-47B5-A8E5-96E340A896AC}.Release|x64.Build.0 = Release|Win32
		{F4CF0C0F-1198-47B5-A8E5-96E340A896AC}.Release|x86.ActiveCfg = Release|Win32
		{F4CF0C0F-1198-47B5-A8E5-96E340A896AC}.Release|x86.Build.0 = Release|Win32
		{D519F9EB-22F8-4054-A039-EDE0EFA6F025}.Debug|Any CPU.ActiveCfg = Debug|Any CPU
		{D519F9EB-22F8-4054-A039-EDE0EFA6F025}.Debug|x64.ActiveCfg = Debug|Any CPU
		{D519F9EB-22F8-4054-A039-EDE0EFA6F025}.Debug|x86.ActiveCfg = Debug|Any CPU
		{D519F9EB-22F8-4054-A039-EDE0EFA6F025}.Release|Any CPU.ActiveCfg = Release|Any CPU
		{D519F9EB-22F8-4054-A039-EDE0EFA6F025}.Release|x64.ActiveCfg = Release|Any CPU
		{D519F9EB-22F8-4054-A039-EDE0EFA6F025}.Release|x86.ActiveCfg = Release|Any CPU
		{B74EE55C-4CD9-4B2E-9B9A-54C7A3D7EB76}.Debug|Any CPU.ActiveCfg = Debug|Win32
		{B74EE55C-4CD9-4B2E-9B9A-54C7A3D7EB76}.Debug|Any CPU.Build.0 = Debug|Win32
		{B74EE55C-4CD9-4B2E-9B9A-54C7A3D7EB76}.Debug|x64.ActiveCfg = Debug|Win32
		{B74EE55C-4CD9-4B2E-9B9A-54C7A3D7EB76}.Debug|x64.Build.0 = Debug|Win32
		{B74EE55C-4CD9-4B2E-9B9A-54C7A3D7EB76}.Debug|x86.ActiveCfg = Debug|Win32
		{B74EE55C-4CD9-4B2E-9B9A-54C7A3D7EB76}.Debug|x86.Build.0 = Debug|Win32
		{B74EE55C-4CD9-4B2E-9B9A-54C7A3D7EB76}.Release|Any CPU.ActiveCfg = Release|Win32
		{B74EE55C-4CD9-4B2E-9B9A-54C7A3D7EB76}.Release|Any CPU.Build.0 = Release|Win32
		{B74EE55C-4CD9-4B2E-9B9A-54C7A3D7EB76}.Release|x64.ActiveCfg = Release|x64
		{B74EE55C-4CD9-4B2E-9B9A-54C7A3D7EB76}.Release|x64.Build.0 = Release|x64
		{B74EE55C-4CD9-4B2E-9B9A-54C7A3D7EB76}.Release|x86.ActiveCfg = Release|Win32
		{B74EE55C-4CD9-4B2E-9B9A-54C7A3D7EB76}.Release|x86.Build.0 = Release|Win32
		{9D1E68A5-DCBD-4874-9ADC-9C15D9191F42}.Debug|Any CPU.ActiveCfg = Debug|Win32
		{9D1E68A5-DCBD-4874-9ADC-9C15D9191F42}.Debug|Any CPU.Build.0 = Debug|Win32
		{9D1E68A5-DCBD-4874-9ADC-9C15D9191F42}.Debug|x64.ActiveCfg = Debug|Win32
		{9D1E68A5-DCBD-4874-9ADC-9C15D9191F42}.Debug|x64.Build.0 = Debug|Win32
		{9D1E68A5-DCBD-4874-9ADC-9C15D9191F42}.Debug|x86.ActiveCfg = Debug|Win32
		{9D1E68A5-DCBD-4874-9ADC-9C15D9191F42}.Debug|x86.Build.0 = Debug|Win32
		{9D1E68A5-DCBD-4874-9ADC-9C15D9191F42}.Release|Any CPU.ActiveCfg = Release|Win32
		{9D1E68A5-DCBD-4874-9ADC-9C15D9191F42}.Release|Any CPU.Build.0 = Release|Win32
		{9D1E68A5-DCBD-4874-9ADC-9C15D9191F42}.Release|x64.ActiveCfg = Release|x64
		{9D1E68A5-DCBD-4874-9ADC-9C15D9191F42}.Release|x64.Build.0 = Release|x64
		{9D1E68A5-DCBD-4874-9ADC-9C15D9191F42}.Release|x86.ActiveCfg = Release|Win32
		{9D1E68A5-DCBD-4874-9ADC-9C15D9191F42}.Release|x86.Build.0 = Release|Win32
		{0F0A2E59-7962-4E32-B0BC-955CAE7A30CF}.Debug|Any CPU.ActiveCfg = Debug|Win32
		{0F0A2E59-7962-4E32-B0BC-955CAE7A30CF}.Debug|Any CPU.Build.0 = Debug|Win32
		{0F0A2E59-7962-4E32-B0BC-955CAE7A30CF}.Debug|x64.ActiveCfg = Debug|Win32
		{0F0A2E59-7962-4E32-B0BC-955CAE7A30CF}.Debug|x64.Build.0 = Debug|Win32
		{0F0A2E59-7962-4E32-B0BC-955CAE7A30CF}.Debug|x86.ActiveCfg = Debug|Win32
		{0F0A2E59-7962-4E32-B0BC-955CAE7A30CF}.Debug|x86.Build.0 = Debug|Win32
		{0F0A2E59-7962-4E32-B0BC-955CAE7A30CF}.Release|Any CPU.ActiveCfg = Release|Win32
		{0F0A2E59-7962-4E32-B0BC-955CAE7A30CF}.Release|Any CPU.Build.0 = Release|Win32
		{0F0A2E59-7962-4E32-B0BC-955CAE7A30CF}.Release|x64.ActiveCfg = Release|x64
		{0F0A2E59-7962-4E32-B0BC-955CAE7A30CF}.Release|x64.Build.0 = Release|x64
		{0F0A2E59-7962-4E32-B0BC-955CAE7A30CF}.Release|x86.ActiveCfg = Release|Win32
		{0F0A2E59-7962-4E32-B0BC-955CAE7A30CF}.Release|x86.Build.0 = Release|Win32
		{8EDF4429-251A-416D-BB68-93F227191BCF}.Debug|Any CPU.ActiveCfg = Debug|Any CPU
		{8EDF4429-251A-416D-BB68-93F227191BCF}.Debug|Any CPU.Build.0 = Debug|Any CPU
		{8EDF4429-251A-416D-BB68-93F227191BCF}.Debug|x64.ActiveCfg = Debug|Any CPU
		{8EDF4429-251A-416D-BB68-93F227191BCF}.Debug|x64.Build.0 = Debug|Any CPU
		{8EDF4429-251A-416D-BB68-93F227191BCF}.Debug|x86.ActiveCfg = Debug|Any CPU
		{8EDF4429-251A-416D-BB68-93F227191BCF}.Debug|x86.Build.0 = Debug|Any CPU
		{8EDF4429-251A-416D-BB68-93F227191BCF}.Release|Any CPU.ActiveCfg = Release|Any CPU
		{8EDF4429-251A-416D-BB68-93F227191BCF}.Release|Any CPU.Build.0 = Release|Any CPU
		{8EDF4429-251A-416D-BB68-93F227191BCF}.Release|x64.ActiveCfg = Release|Any CPU
		{8EDF4429-251A-416D-BB68-93F227191BCF}.Release|x64.Build.0 = Release|Any CPU
		{8EDF4429-251A-416D-BB68-93F227191BCF}.Release|x86.ActiveCfg = Release|Any CPU
		{8EDF4429-251A-416D-BB68-93F227191BCF}.Release|x86.Build.0 = Release|Any CPU
	EndGlobalSection
	GlobalSection(SolutionProperties) = preSolution
		HideSolutionNode = FALSE
	EndGlobalSection
EndGlobal
