
Microsoft Visual Studio Solution File, Format Version 12.00
# Visual Studio 14
VisualStudioVersion = 14.0.25420.1
MinimumVisualStudioVersion = 10.0.40219.1
Project("{8BC9CEB8-8B4A-11D0-8D11-00A0C91BC942}") = "TestsRunner", "TestsRunner\TestsRunner.vcxproj", "{B74EE55C-4CD9-4B2E-9B9A-54C7A3D7EB76}"
EndProject
Project("{8BC9CEB8-8B4A-11D0-8D11-00A0C91BC942}") = "TestsRunner.IntegrationTests", "TestsRunner.IntegrationTests\TestsRunner.IntegrationTests.vcxproj", "{024E07DF-7D6E-49AB-9C74-08E444F1FC5D}"
EndProject
Project("{8BC9CEB8-8B4A-11D0-8D11-00A0C91BC942}") = "TestsRunner.UnitTest", "TestsRunner.UnitTest\TestsRunner.UnitTest.vcxproj", "{CBDC6ABB-9A92-4103-ABA1-C1C0F20E08C4}"
EndProject
Project("{8BC9CEB8-8B4A-11D0-8D11-00A0C91BC942}") = "ConsoleTestRunner", "ConsoleTestRunner\ConsoleTestRunner.vcxproj", "{45A3D9F8-885B-4564-BF62-7B65C6F4C9E6}"
EndProject
Project("{8BC9CEB8-8B4A-11D0-8D11-00A0C91BC942}") = "CppUnitTestFramework", "..\CppUnitTest\CppUnitTestFramework\CppUnitTestsFramework.vcxproj", "{9D1E68A5-DCBD-4874-9ADC-9C15D9191F42}"
EndProject
Project("{8BC9CEB8-8B4A-11D0-8D11-00A0C91BC942}") = "DependencyContainer", "..\IoC\DependencyContainer\DependencyContainer.vcxproj", "{FEF716C0-7695-4813-84FB-5DC252A9C8AF}"
EndProject
Global
	GlobalSection(SolutionConfigurationPlatforms) = preSolution
		Debug|x64 = Debug|x64
		Debug|x86 = Debug|x86
		Release|x64 = Release|x64
		Release|x86 = Release|x86
	EndGlobalSection
	GlobalSection(ProjectConfigurationPlatforms) = postSolution
		{B74EE55C-4CD9-4B2E-9B9A-54C7A3D7EB76}.Debug|x64.ActiveCfg = Debug|Win32
		{B74EE55C-4CD9-4B2E-9B9A-54C7A3D7EB76}.Debug|x64.Build.0 = Debug|Win32
		{B74EE55C-4CD9-4B2E-9B9A-54C7A3D7EB76}.Debug|x86.ActiveCfg = Debug|Win32
		{B74EE55C-4CD9-4B2E-9B9A-54C7A3D7EB76}.Debug|x86.Build.0 = Debug|Win32
		{B74EE55C-4CD9-4B2E-9B9A-54C7A3D7EB76}.Release|x64.ActiveCfg = Release|x64
		{B74EE55C-4CD9-4B2E-9B9A-54C7A3D7EB76}.Release|x64.Build.0 = Release|x64
		{B74EE55C-4CD9-4B2E-9B9A-54C7A3D7EB76}.Release|x86.ActiveCfg = Release|Win32
		{B74EE55C-4CD9-4B2E-9B9A-54C7A3D7EB76}.Release|x86.Build.0 = Release|Win32
		{024E07DF-7D6E-49AB-9C74-08E444F1FC5D}.Debug|x64.ActiveCfg = Debug|Win32
		{024E07DF-7D6E-49AB-9C74-08E444F1FC5D}.Debug|x86.ActiveCfg = Debug|Win32
		{024E07DF-7D6E-49AB-9C74-08E444F1FC5D}.Release|x64.ActiveCfg = Release|x64
		{024E07DF-7D6E-49AB-9C74-08E444F1FC5D}.Release|x64.Build.0 = Release|x64
		{024E07DF-7D6E-49AB-9C74-08E444F1FC5D}.Release|x86.ActiveCfg = Release|Win32
		{024E07DF-7D6E-49AB-9C74-08E444F1FC5D}.Release|x86.Build.0 = Release|Win32
		{CBDC6ABB-9A92-4103-ABA1-C1C0F20E08C4}.Debug|x64.ActiveCfg = Debug|Win32
		{CBDC6ABB-9A92-4103-ABA1-C1C0F20E08C4}.Debug|x64.Build.0 = Debug|Win32
		{CBDC6ABB-9A92-4103-ABA1-C1C0F20E08C4}.Debug|x86.ActiveCfg = Debug|Win32
		{CBDC6ABB-9A92-4103-ABA1-C1C0F20E08C4}.Debug|x86.Build.0 = Debug|Win32
		{CBDC6ABB-9A92-4103-ABA1-C1C0F20E08C4}.Release|x64.ActiveCfg = Release|x64
		{CBDC6ABB-9A92-4103-ABA1-C1C0F20E08C4}.Release|x64.Build.0 = Release|x64
		{CBDC6ABB-9A92-4103-ABA1-C1C0F20E08C4}.Release|x86.ActiveCfg = Release|Win32
		{CBDC6ABB-9A92-4103-ABA1-C1C0F20E08C4}.Release|x86.Build.0 = Release|Win32
		{45A3D9F8-885B-4564-BF62-7B65C6F4C9E6}.Debug|x64.ActiveCfg = Debug|Win32
		{45A3D9F8-885B-4564-BF62-7B65C6F4C9E6}.Debug|x64.Build.0 = Debug|Win32
		{45A3D9F8-885B-4564-BF62-7B65C6F4C9E6}.Debug|x86.ActiveCfg = Debug|Win32
		{45A3D9F8-885B-4564-BF62-7B65C6F4C9E6}.Debug|x86.Build.0 = Debug|Win32
		{45A3D9F8-885B-4564-BF62-7B65C6F4C9E6}.Release|x64.ActiveCfg = Release|x64
		{45A3D9F8-885B-4564-BF62-7B65C6F4C9E6}.Release|x64.Build.0 = Release|x64
		{45A3D9F8-885B-4564-BF62-7B65C6F4C9E6}.Release|x86.ActiveCfg = Release|Win32
		{45A3D9F8-885B-4564-BF62-7B65C6F4C9E6}.Release|x86.Build.0 = Release|Win32
		{9D1E68A5-DCBD-4874-9ADC-9C15D9191F42}.Debug|x64.ActiveCfg = Debug|Win32
		{9D1E68A5-DCBD-4874-9ADC-9C15D9191F42}.Debug|x64.Build.0 = Debug|Win32
		{9D1E68A5-DCBD-4874-9ADC-9C15D9191F42}.Debug|x86.ActiveCfg = Debug|Win32
		{9D1E68A5-DCBD-4874-9ADC-9C15D9191F42}.Debug|x86.Build.0 = Debug|Win32
		{9D1E68A5-DCBD-4874-9ADC-9C15D9191F42}.Release|x64.ActiveCfg = Release|x64
		{9D1E68A5-DCBD-4874-9ADC-9C15D9191F42}.Release|x64.Build.0 = Release|x64
		{9D1E68A5-DCBD-4874-9ADC-9C15D9191F42}.Release|x86.ActiveCfg = Release|Win32
		{9D1E68A5-DCBD-4874-9ADC-9C15D9191F42}.Release|x86.Build.0 = Release|Win32
		{FEF716C0-7695-4813-84FB-5DC252A9C8AF}.Debug|x64.ActiveCfg = Debug|Win32
		{FEF716C0-7695-4813-84FB-5DC252A9C8AF}.Debug|x64.Build.0 = Debug|Win32
		{FEF716C0-7695-4813-84FB-5DC252A9C8AF}.Debug|x86.ActiveCfg = Debug|Win32
		{FEF716C0-7695-4813-84FB-5DC252A9C8AF}.Debug|x86.Build.0 = Debug|Win32
		{FEF716C0-7695-4813-84FB-5DC252A9C8AF}.Release|x64.ActiveCfg = Release|x64
		{FEF716C0-7695-4813-84FB-5DC252A9C8AF}.Release|x64.Build.0 = Release|x64
		{FEF716C0-7695-4813-84FB-5DC252A9C8AF}.Release|x86.ActiveCfg = Release|Win32
		{FEF716C0-7695-4813-84FB-5DC252A9C8AF}.Release|x86.Build.0 = Release|Win32
	EndGlobalSection
	GlobalSection(SolutionProperties) = preSolution
		HideSolutionNode = FALSE
	EndGlobalSection
EndGlobal
