
Microsoft Visual Studio Solution File, Format Version 12.00
# Visual Studio 14
VisualStudioVersion = 14.0.25420.1
MinimumVisualStudioVersion = 10.0.40219.1
Project("{8BC9CEB8-8B4A-11D0-8D11-00A0C91BC942}") = "ConsoleTestRunner", "ConsoleTestRunner\ConsoleTestRunner.vcxproj", "{45A3D9F8-885B-4564-BF62-7B65C6F4C9E6}"
	ProjectSection(ProjectDependencies) = postProject
		{0F0A2E59-7962-4E32-B0BC-955CAE7A30CF} = {0F0A2E59-7962-4E32-B0BC-955CAE7A30CF}
	EndProjectSection
EndProject
Project("{8BC9CEB8-8B4A-11D0-8D11-00A0C91BC942}") = "TextArgumentParser", "TextArgumentParser\TextArgumentParser.vcxproj", "{34D2E3C8-2D76-4A9E-8B8B-79AF51A11731}"
EndProject
Project("{8BC9CEB8-8B4A-11D0-8D11-00A0C91BC942}") = "TextArgumentParser.UnitTests", "TextParser.UnitTests\TextParser.UnitTests.vcxproj", "{B5D4D9FB-A072-427E-B4C0-41432EDD6EC7}"
EndProject
Project("{8BC9CEB8-8B4A-11D0-8D11-00A0C91BC942}") = "TestsRunner", "..\TestRunnerLibrary\TestsRunner\TestsRunner.vcxproj", "{B74EE55C-4CD9-4B2E-9B9A-54C7A3D7EB76}"
EndProject
Project("{8BC9CEB8-8B4A-11D0-8D11-00A0C91BC942}") = "CppUnitTestFramework", "..\..\CppUnitTest\CppUnitTestFramework\CppUnitTestsFramework.vcxproj", "{9D1E68A5-DCBD-4874-9ADC-9C15D9191F42}"
EndProject
Project("{8BC9CEB8-8B4A-11D0-8D11-00A0C91BC942}") = "CppUnitTestFrameworkExamples", "..\..\CppUnitTest\CppUnitTestFrameworkExamples\CppUnitTestFrameworkExamples.vcxproj", "{0F0A2E59-7962-4E32-B0BC-955CAE7A30CF}"
EndProject
Global
	GlobalSection(SolutionConfigurationPlatforms) = preSolution
		Debug|x64 = Debug|x64
		Debug|x86 = Debug|x86
		Release|x64 = Release|x64
		Release|x86 = Release|x86
	EndGlobalSection
	GlobalSection(ProjectConfigurationPlatforms) = postSolution
		{45A3D9F8-885B-4564-BF62-7B65C6F4C9E6}.Debug|x64.ActiveCfg = Debug|x64
		{45A3D9F8-885B-4564-BF62-7B65C6F4C9E6}.Debug|x64.Build.0 = Debug|x64
		{45A3D9F8-885B-4564-BF62-7B65C6F4C9E6}.Debug|x86.ActiveCfg = Debug|Win32
		{45A3D9F8-885B-4564-BF62-7B65C6F4C9E6}.Debug|x86.Build.0 = Debug|Win32
		{45A3D9F8-885B-4564-BF62-7B65C6F4C9E6}.Release|x64.ActiveCfg = Release|x64
		{45A3D9F8-885B-4564-BF62-7B65C6F4C9E6}.Release|x64.Build.0 = Release|x64
		{45A3D9F8-885B-4564-BF62-7B65C6F4C9E6}.Release|x86.ActiveCfg = Release|Win32
		{45A3D9F8-885B-4564-BF62-7B65C6F4C9E6}.Release|x86.Build.0 = Release|Win32
		{34D2E3C8-2D76-4A9E-8B8B-79AF51A11731}.Debug|x64.ActiveCfg = Debug|x64
		{34D2E3C8-2D76-4A9E-8B8B-79AF51A11731}.Debug|x64.Build.0 = Debug|x64
		{34D2E3C8-2D76-4A9E-8B8B-79AF51A11731}.Debug|x86.ActiveCfg = Debug|Win32
		{34D2E3C8-2D76-4A9E-8B8B-79AF51A11731}.Debug|x86.Build.0 = Debug|Win32
		{34D2E3C8-2D76-4A9E-8B8B-79AF51A11731}.Release|x64.ActiveCfg = Release|x64
		{34D2E3C8-2D76-4A9E-8B8B-79AF51A11731}.Release|x64.Build.0 = Release|x64
		{34D2E3C8-2D76-4A9E-8B8B-79AF51A11731}.Release|x86.ActiveCfg = Release|Win32
		{34D2E3C8-2D76-4A9E-8B8B-79AF51A11731}.Release|x86.Build.0 = Release|Win32
		{B5D4D9FB-A072-427E-B4C0-41432EDD6EC7}.Debug|x64.ActiveCfg = Debug|x64
		{B5D4D9FB-A072-427E-B4C0-41432EDD6EC7}.Debug|x64.Build.0 = Debug|x64
		{B5D4D9FB-A072-427E-B4C0-41432EDD6EC7}.Debug|x86.ActiveCfg = Debug|Win32
		{B5D4D9FB-A072-427E-B4C0-41432EDD6EC7}.Debug|x86.Build.0 = Debug|Win32
		{B5D4D9FB-A072-427E-B4C0-41432EDD6EC7}.Release|x64.ActiveCfg = Release|x64
		{B5D4D9FB-A072-427E-B4C0-41432EDD6EC7}.Release|x64.Build.0 = Release|x64
		{B5D4D9FB-A072-427E-B4C0-41432EDD6EC7}.Release|x86.ActiveCfg = Release|Win32
		{B5D4D9FB-A072-427E-B4C0-41432EDD6EC7}.Release|x86.Build.0 = Release|Win32
		{B74EE55C-4CD9-4B2E-9B9A-54C7A3D7EB76}.Debug|x64.ActiveCfg = Debug|x64
		{B74EE55C-4CD9-4B2E-9B9A-54C7A3D7EB76}.Debug|x64.Build.0 = Debug|x64
		{B74EE55C-4CD9-4B2E-9B9A-54C7A3D7EB76}.Debug|x86.ActiveCfg = Debug|Win32
		{B74EE55C-4CD9-4B2E-9B9A-54C7A3D7EB76}.Debug|x86.Build.0 = Debug|Win32
		{B74EE55C-4CD9-4B2E-9B9A-54C7A3D7EB76}.Release|x64.ActiveCfg = Release|x64
		{B74EE55C-4CD9-4B2E-9B9A-54C7A3D7EB76}.Release|x64.Build.0 = Release|x64
		{B74EE55C-4CD9-4B2E-9B9A-54C7A3D7EB76}.Release|x86.ActiveCfg = Release|Win32
		{B74EE55C-4CD9-4B2E-9B9A-54C7A3D7EB76}.Release|x86.Build.0 = Release|Win32
		{9D1E68A5-DCBD-4874-9ADC-9C15D9191F42}.Debug|x64.ActiveCfg = Debug|x64
		{9D1E68A5-DCBD-4874-9ADC-9C15D9191F42}.Debug|x64.Build.0 = Debug|x64
		{9D1E68A5-DCBD-4874-9ADC-9C15D9191F42}.Debug|x86.ActiveCfg = Debug|Win32
		{9D1E68A5-DCBD-4874-9ADC-9C15D9191F42}.Debug|x86.Build.0 = Debug|Win32
		{9D1E68A5-DCBD-4874-9ADC-9C15D9191F42}.Release|x64.ActiveCfg = Release|x64
		{9D1E68A5-DCBD-4874-9ADC-9C15D9191F42}.Release|x64.Build.0 = Release|x64
		{9D1E68A5-DCBD-4874-9ADC-9C15D9191F42}.Release|x86.ActiveCfg = Release|Win32
		{9D1E68A5-DCBD-4874-9ADC-9C15D9191F42}.Release|x86.Build.0 = Release|Win32
		{0F0A2E59-7962-4E32-B0BC-955CAE7A30CF}.Debug|x64.ActiveCfg = Debug|x64
		{0F0A2E59-7962-4E32-B0BC-955CAE7A30CF}.Debug|x64.Build.0 = Debug|x64
		{0F0A2E59-7962-4E32-B0BC-955CAE7A30CF}.Debug|x86.ActiveCfg = Debug|Win32
		{0F0A2E59-7962-4E32-B0BC-955CAE7A30CF}.Debug|x86.Build.0 = Debug|Win32
		{0F0A2E59-7962-4E32-B0BC-955CAE7A30CF}.Release|x64.ActiveCfg = Release|x64
		{0F0A2E59-7962-4E32-B0BC-955CAE7A30CF}.Release|x64.Build.0 = Release|x64
		{0F0A2E59-7962-4E32-B0BC-955CAE7A30CF}.Release|x86.ActiveCfg = Release|Win32
		{0F0A2E59-7962-4E32-B0BC-955CAE7A30CF}.Release|x86.Build.0 = Release|Win32
	EndGlobalSection
	GlobalSection(SolutionProperties) = preSolution
		HideSolutionNode = FALSE
	EndGlobalSection
EndGlobal
